
Microsoft Visual Studio Solution File, Format Version 12.00
# Visual Studio Version 16
VisualStudioVersion = 16.0.30503.244
MinimumVisualStudioVersion = 10.0.40219.1
Project("{8BC9CEB8-8B4A-11D0-8D11-00A0C91BC942}") = "week4text1", "week4text1\week4text1.vcxproj", "{BA4E0612-C48D-4E5E-8B90-5DF7AE4761CC}"
EndProject
Global
	GlobalSection(SolutionConfigurationPlatforms) = preSolution
		Debug|x64 = Debug|x64
		Debug|x86 = Debug|x86
		Release|x64 = Release|x64
		Release|x86 = Release|x86
	EndGlobalSection
	GlobalSection(ProjectConfigurationPlatforms) = postSolution
		{BA4E0612-C48D-4E5E-8B90-5DF7AE4761CC}.Debug|x64.ActiveCfg = Debug|x64
		{BA4E0612-C48D-4E5E-8B90-5DF7AE4761CC}.Debug|x64.Build.0 = Debug|x64
		{BA4E0612-C48D-4E5E-8B90-5DF7AE4761CC}.Debug|x86.ActiveCfg = Debug|Win32
		{BA4E0612-C48D-4E5E-8B90-5DF7AE4761CC}.Debug|x86.Build.0 = Debug|Win32
		{BA4E0612-C48D-4E5E-8B90-5DF7AE4761CC}.Release|x64.ActiveCfg = Release|x64
		{BA4E0612-C48D-4E5E-8B90-5DF7AE4761CC}.Release|x64.Build.0 = Release|x64
		{BA4E0612-C48D-4E5E-8B90-5DF7AE4761CC}.Release|x86.ActiveCfg = Release|Win32
		{BA4E0612-C48D-4E5E-8B90-5DF7AE4761CC}.Release|x86.Build.0 = Release|Win32
	EndGlobalSection
	GlobalSection(SolutionProperties) = preSolution
		HideSolutionNode = FALSE
	EndGlobalSection
	GlobalSection(ExtensibilityGlobals) = postSolution
		SolutionGuid = {926A1A01-CE2C-4904-9755-F44530035AA2}
	EndGlobalSection
EndGlobal
